
Microsoft Visual Studio Solution File, Format Version 12.00
# Visual Studio Version 16
VisualStudioVersion = 16.0.30204.135
MinimumVisualStudioVersion = 10.0.40219.1
Project("{9A19103F-16F7-4668-BE54-9A1E7A4F7556}") = "LeetCode_Problems _C-Sharp", "LeetCode_Problems _C-Sharp\LeetCode_Problems _C-Sharp.csproj", "{677ABBCE-E5D5-4D04-A950-24A256522B9F}"
EndProject
Project("{9A19103F-16F7-4668-BE54-9A1E7A4F7556}") = "ReverseLinkedList", "ReverseLinkedList\ReverseLinkedList.csproj", "{278587ED-6FC2-43B3-8DEF-9A9D5D9F51F7}"
EndProject
Project("{9A19103F-16F7-4668-BE54-9A1E7A4F7556}") = "ReverseOnlyLetters", "ReverseOnlyLetters\ReverseOnlyLetters.csproj", "{9C78E702-EBA5-4127-B3D7-2EECD89862E9}"
EndProject
Project("{9A19103F-16F7-4668-BE54-9A1E7A4F7556}") = "NumOfStepsToZero", "NumOfStepsToZero\NumOfStepsToZero.csproj", "{86B748A3-D4CD-4339-A7EA-3AB701131D53}"
EndProject
Project("{9A19103F-16F7-4668-BE54-9A1E7A4F7556}") = "GreatestNumOfCandies", "GreatestNumOfCandies\GreatestNumOfCandies.csproj", "{8A58AE08-2B72-4CA0-B069-B29A68BAD2DE}"
EndProject
Project("{9A19103F-16F7-4668-BE54-9A1E7A4F7556}") = "SplittedBalancedString", "SplittedBalancedString\SplittedBalancedString.csproj", "{CA90065A-C527-41F8-A6BB-44BBB9784A3C}"
EndProject
Project("{9A19103F-16F7-4668-BE54-9A1E7A4F7556}") = "ToLowerCase", "ToLowerCase\ToLowerCase.csproj", "{9ED640CD-F1BA-44B0-9B17-B6F6306830CD}"
EndProject
Project("{9A19103F-16F7-4668-BE54-9A1E7A4F7556}") = "HowManySmallerNums", "HowManySmallerNums\HowManySmallerNums.csproj", "{F7CC3711-642D-4DD9-863B-1FAA7E4461B3}"
EndProject
Global
	GlobalSection(SolutionConfigurationPlatforms) = preSolution
		Debug|Any CPU = Debug|Any CPU
		Release|Any CPU = Release|Any CPU
	EndGlobalSection
	GlobalSection(ProjectConfigurationPlatforms) = postSolution
		{677ABBCE-E5D5-4D04-A950-24A256522B9F}.Debug|Any CPU.ActiveCfg = Debug|Any CPU
		{677ABBCE-E5D5-4D04-A950-24A256522B9F}.Debug|Any CPU.Build.0 = Debug|Any CPU
		{677ABBCE-E5D5-4D04-A950-24A256522B9F}.Release|Any CPU.ActiveCfg = Release|Any CPU
		{677ABBCE-E5D5-4D04-A950-24A256522B9F}.Release|Any CPU.Build.0 = Release|Any CPU
		{278587ED-6FC2-43B3-8DEF-9A9D5D9F51F7}.Debug|Any CPU.ActiveCfg = Debug|Any CPU
		{278587ED-6FC2-43B3-8DEF-9A9D5D9F51F7}.Debug|Any CPU.Build.0 = Debug|Any CPU
		{278587ED-6FC2-43B3-8DEF-9A9D5D9F51F7}.Release|Any CPU.ActiveCfg = Release|Any CPU
		{278587ED-6FC2-43B3-8DEF-9A9D5D9F51F7}.Release|Any CPU.Build.0 = Release|Any CPU
		{9C78E702-EBA5-4127-B3D7-2EECD89862E9}.Debug|Any CPU.ActiveCfg = Debug|Any CPU
		{9C78E702-EBA5-4127-B3D7-2EECD89862E9}.Debug|Any CPU.Build.0 = Debug|Any CPU
		{9C78E702-EBA5-4127-B3D7-2EECD89862E9}.Release|Any CPU.ActiveCfg = Release|Any CPU
		{9C78E702-EBA5-4127-B3D7-2EECD89862E9}.Release|Any CPU.Build.0 = Release|Any CPU
		{86B748A3-D4CD-4339-A7EA-3AB701131D53}.Debug|Any CPU.ActiveCfg = Debug|Any CPU
		{86B748A3-D4CD-4339-A7EA-3AB701131D53}.Debug|Any CPU.Build.0 = Debug|Any CPU
		{86B748A3-D4CD-4339-A7EA-3AB701131D53}.Release|Any CPU.ActiveCfg = Release|Any CPU
		{86B748A3-D4CD-4339-A7EA-3AB701131D53}.Release|Any CPU.Build.0 = Release|Any CPU
		{8A58AE08-2B72-4CA0-B069-B29A68BAD2DE}.Debug|Any CPU.ActiveCfg = Debug|Any CPU
		{8A58AE08-2B72-4CA0-B069-B29A68BAD2DE}.Debug|Any CPU.Build.0 = Debug|Any CPU
		{8A58AE08-2B72-4CA0-B069-B29A68BAD2DE}.Release|Any CPU.ActiveCfg = Release|Any CPU
		{8A58AE08-2B72-4CA0-B069-B29A68BAD2DE}.Release|Any CPU.Build.0 = Release|Any CPU
		{CA90065A-C527-41F8-A6BB-44BBB9784A3C}.Debug|Any CPU.ActiveCfg = Debug|Any CPU
		{CA90065A-C527-41F8-A6BB-44BBB9784A3C}.Debug|Any CPU.Build.0 = Debug|Any CPU
		{CA90065A-C527-41F8-A6BB-44BBB9784A3C}.Release|Any CPU.ActiveCfg = Release|Any CPU
		{CA90065A-C527-41F8-A6BB-44BBB9784A3C}.Release|Any CPU.Build.0 = Release|Any CPU
		{9ED640CD-F1BA-44B0-9B17-B6F6306830CD}.Debug|Any CPU.ActiveCfg = Debug|Any CPU
		{9ED640CD-F1BA-44B0-9B17-B6F6306830CD}.Debug|Any CPU.Build.0 = Debug|Any CPU
		{9ED640CD-F1BA-44B0-9B17-B6F6306830CD}.Release|Any CPU.ActiveCfg = Release|Any CPU
		{9ED640CD-F1BA-44B0-9B17-B6F6306830CD}.Release|Any CPU.Build.0 = Release|Any CPU
		{F7CC3711-642D-4DD9-863B-1FAA7E4461B3}.Debug|Any CPU.ActiveCfg = Debug|Any CPU
		{F7CC3711-642D-4DD9-863B-1FAA7E4461B3}.Debug|Any CPU.Build.0 = Debug|Any CPU
		{F7CC3711-642D-4DD9-863B-1FAA7E4461B3}.Release|Any CPU.ActiveCfg = Release|Any CPU
		{F7CC3711-642D-4DD9-863B-1FAA7E4461B3}.Release|Any CPU.Build.0 = Release|Any CPU
	EndGlobalSection
	GlobalSection(SolutionProperties) = preSolution
		HideSolutionNode = FALSE
	EndGlobalSection
	GlobalSection(ExtensibilityGlobals) = postSolution
		SolutionGuid = {9806C113-F4A1-4E44-9834-6883A7879A1C}
	EndGlobalSection
EndGlobal
