
Microsoft Visual Studio Solution File, Format Version 12.00
# Visual Studio Version 16
VisualStudioVersion = 16.0.30204.135
MinimumVisualStudioVersion = 10.0.40219.1
Project("{9A19103F-16F7-4668-BE54-9A1E7A4F7556}") = "C-Sharp", "C-Sharp\C-Sharp.csproj", "{7EF78320-969F-48A6-BD1D-5D2952903BF8}"
EndProject
Project("{9A19103F-16F7-4668-BE54-9A1E7A4F7556}") = "EvensOddsArray", "EvensOddsArray\EvensOddsArray.csproj", "{7EFAC011-B302-44D2-BCAF-789B94CAE789}"
EndProject
Project("{9A19103F-16F7-4668-BE54-9A1E7A4F7556}") = "RepeatedLetterInString", "RepeatedLetterProblem\RepeatedLetterInString.csproj", "{20EF7A5D-10CD-4A8D-A986-B0D7518276C4}"
EndProject
Project("{9A19103F-16F7-4668-BE54-9A1E7A4F7556}") = "TimeConvert", "TimeConvert\TimeConvert.csproj", "{8A639E82-6493-4E26-ADFD-129C2ED48E87}"
EndProject
Project("{9A19103F-16F7-4668-BE54-9A1E7A4F7556}") = "DictionaryOfArrays", "DictionaryOfArrays\DictionaryOfArrays.csproj", "{F92D8E72-16AD-4E3F-BF3C-AD72ECA8C06B}"
EndProject
Project("{9A19103F-16F7-4668-BE54-9A1E7A4F7556}") = "StringPalindrome", "Palindrome\StringPalindrome.csproj", "{C4ED1DF9-5012-462C-894F-61D6F10A629E}"
EndProject
Project("{9A19103F-16F7-4668-BE54-9A1E7A4F7556}") = "VowelCount", "VowelCount\VowelCount.csproj", "{C14B256C-14ED-4F60-AA6A-DF46B71B814E}"
EndProject
Project("{9A19103F-16F7-4668-BE54-9A1E7A4F7556}") = "MissingNumber", "MissingNumber\MissingNumber.csproj", "{B2DB7EB0-8C44-441F-A09E-87F0DFBF5C18}"
EndProject
Project("{9A19103F-16F7-4668-BE54-9A1E7A4F7556}") = "ReverseString", "ReverseString\ReverseString.csproj", "{1E0F3440-ED8B-4A21-B772-9B067D102425}"
EndProject
Project("{9A19103F-16F7-4668-BE54-9A1E7A4F7556}") = "DictionaryKVPToString", "DictionaryKVPToString\DictionaryKVPToString.csproj", "{82AAED0A-6A1E-42F9-AFAD-32F8086D10AD}"
EndProject
Project("{9A19103F-16F7-4668-BE54-9A1E7A4F7556}") = "TotalThreeHighestNums", "TotalThreeHighestNums\TotalThreeHighestNums.csproj", "{DE0B4992-E7C0-4C44-BE60-0E9A6B589515}"
EndProject
Project("{FAE04EC0-301F-11D3-BF4B-00C04F79EFBC}") = "BinaryTreeImplementation", "BinaryTreeImplementation\BinaryTreeImplementation.csproj", "{D2FE3AAB-F2A7-4977-B0EB-C90E5B3890BD}"
EndProject
Global
	GlobalSection(SolutionConfigurationPlatforms) = preSolution
		Debug|Any CPU = Debug|Any CPU
		Release|Any CPU = Release|Any CPU
	EndGlobalSection
	GlobalSection(ProjectConfigurationPlatforms) = postSolution
		{7EF78320-969F-48A6-BD1D-5D2952903BF8}.Debug|Any CPU.ActiveCfg = Debug|Any CPU
		{7EF78320-969F-48A6-BD1D-5D2952903BF8}.Debug|Any CPU.Build.0 = Debug|Any CPU
		{7EF78320-969F-48A6-BD1D-5D2952903BF8}.Release|Any CPU.ActiveCfg = Release|Any CPU
		{7EF78320-969F-48A6-BD1D-5D2952903BF8}.Release|Any CPU.Build.0 = Release|Any CPU
		{7EFAC011-B302-44D2-BCAF-789B94CAE789}.Debug|Any CPU.ActiveCfg = Debug|Any CPU
		{7EFAC011-B302-44D2-BCAF-789B94CAE789}.Debug|Any CPU.Build.0 = Debug|Any CPU
		{7EFAC011-B302-44D2-BCAF-789B94CAE789}.Release|Any CPU.ActiveCfg = Release|Any CPU
		{7EFAC011-B302-44D2-BCAF-789B94CAE789}.Release|Any CPU.Build.0 = Release|Any CPU
		{20EF7A5D-10CD-4A8D-A986-B0D7518276C4}.Debug|Any CPU.ActiveCfg = Debug|Any CPU
		{20EF7A5D-10CD-4A8D-A986-B0D7518276C4}.Debug|Any CPU.Build.0 = Debug|Any CPU
		{20EF7A5D-10CD-4A8D-A986-B0D7518276C4}.Release|Any CPU.ActiveCfg = Release|Any CPU
		{20EF7A5D-10CD-4A8D-A986-B0D7518276C4}.Release|Any CPU.Build.0 = Release|Any CPU
		{8A639E82-6493-4E26-ADFD-129C2ED48E87}.Debug|Any CPU.ActiveCfg = Debug|Any CPU
		{8A639E82-6493-4E26-ADFD-129C2ED48E87}.Debug|Any CPU.Build.0 = Debug|Any CPU
		{8A639E82-6493-4E26-ADFD-129C2ED48E87}.Release|Any CPU.ActiveCfg = Release|Any CPU
		{8A639E82-6493-4E26-ADFD-129C2ED48E87}.Release|Any CPU.Build.0 = Release|Any CPU
		{F92D8E72-16AD-4E3F-BF3C-AD72ECA8C06B}.Debug|Any CPU.ActiveCfg = Debug|Any CPU
		{F92D8E72-16AD-4E3F-BF3C-AD72ECA8C06B}.Debug|Any CPU.Build.0 = Debug|Any CPU
		{F92D8E72-16AD-4E3F-BF3C-AD72ECA8C06B}.Release|Any CPU.ActiveCfg = Release|Any CPU
		{F92D8E72-16AD-4E3F-BF3C-AD72ECA8C06B}.Release|Any CPU.Build.0 = Release|Any CPU
		{C4ED1DF9-5012-462C-894F-61D6F10A629E}.Debug|Any CPU.ActiveCfg = Debug|Any CPU
		{C4ED1DF9-5012-462C-894F-61D6F10A629E}.Debug|Any CPU.Build.0 = Debug|Any CPU
		{C4ED1DF9-5012-462C-894F-61D6F10A629E}.Release|Any CPU.ActiveCfg = Release|Any CPU
		{C4ED1DF9-5012-462C-894F-61D6F10A629E}.Release|Any CPU.Build.0 = Release|Any CPU
		{C14B256C-14ED-4F60-AA6A-DF46B71B814E}.Debug|Any CPU.ActiveCfg = Debug|Any CPU
		{C14B256C-14ED-4F60-AA6A-DF46B71B814E}.Debug|Any CPU.Build.0 = Debug|Any CPU
		{C14B256C-14ED-4F60-AA6A-DF46B71B814E}.Release|Any CPU.ActiveCfg = Release|Any CPU
		{C14B256C-14ED-4F60-AA6A-DF46B71B814E}.Release|Any CPU.Build.0 = Release|Any CPU
		{B2DB7EB0-8C44-441F-A09E-87F0DFBF5C18}.Debug|Any CPU.ActiveCfg = Debug|Any CPU
		{B2DB7EB0-8C44-441F-A09E-87F0DFBF5C18}.Debug|Any CPU.Build.0 = Debug|Any CPU
		{B2DB7EB0-8C44-441F-A09E-87F0DFBF5C18}.Release|Any CPU.ActiveCfg = Release|Any CPU
		{B2DB7EB0-8C44-441F-A09E-87F0DFBF5C18}.Release|Any CPU.Build.0 = Release|Any CPU
		{1E0F3440-ED8B-4A21-B772-9B067D102425}.Debug|Any CPU.ActiveCfg = Debug|Any CPU
		{1E0F3440-ED8B-4A21-B772-9B067D102425}.Debug|Any CPU.Build.0 = Debug|Any CPU
		{1E0F3440-ED8B-4A21-B772-9B067D102425}.Release|Any CPU.ActiveCfg = Release|Any CPU
		{1E0F3440-ED8B-4A21-B772-9B067D102425}.Release|Any CPU.Build.0 = Release|Any CPU
		{82AAED0A-6A1E-42F9-AFAD-32F8086D10AD}.Debug|Any CPU.ActiveCfg = Debug|Any CPU
		{82AAED0A-6A1E-42F9-AFAD-32F8086D10AD}.Debug|Any CPU.Build.0 = Debug|Any CPU
		{82AAED0A-6A1E-42F9-AFAD-32F8086D10AD}.Release|Any CPU.ActiveCfg = Release|Any CPU
		{82AAED0A-6A1E-42F9-AFAD-32F8086D10AD}.Release|Any CPU.Build.0 = Release|Any CPU
		{DE0B4992-E7C0-4C44-BE60-0E9A6B589515}.Debug|Any CPU.ActiveCfg = Debug|Any CPU
		{DE0B4992-E7C0-4C44-BE60-0E9A6B589515}.Debug|Any CPU.Build.0 = Debug|Any CPU
		{DE0B4992-E7C0-4C44-BE60-0E9A6B589515}.Release|Any CPU.ActiveCfg = Release|Any CPU
		{DE0B4992-E7C0-4C44-BE60-0E9A6B589515}.Release|Any CPU.Build.0 = Release|Any CPU
		{D2FE3AAB-F2A7-4977-B0EB-C90E5B3890BD}.Debug|Any CPU.ActiveCfg = Debug|Any CPU
		{D2FE3AAB-F2A7-4977-B0EB-C90E5B3890BD}.Debug|Any CPU.Build.0 = Debug|Any CPU
		{D2FE3AAB-F2A7-4977-B0EB-C90E5B3890BD}.Release|Any CPU.ActiveCfg = Release|Any CPU
		{D2FE3AAB-F2A7-4977-B0EB-C90E5B3890BD}.Release|Any CPU.Build.0 = Release|Any CPU
	EndGlobalSection
	GlobalSection(SolutionProperties) = preSolution
		HideSolutionNode = FALSE
	EndGlobalSection
	GlobalSection(ExtensibilityGlobals) = postSolution
		SolutionGuid = {45894712-D7AA-4A47-9A18-CBD26045FCE0}
	EndGlobalSection
EndGlobal
